
Microsoft Visual Studio Solution File, Format Version 12.00
# Visual Studio Version 17
VisualStudioVersion = 17.9.34607.119
MinimumVisualStudioVersion = 10.0.40219.1
Project("{FAE04EC0-301F-11D3-BF4B-00C04F79EFBC}") = "SkipList", "SkipList\SkipList.csproj", "{8D698ACA-C9F1-4A22-8353-C67840B2C1CC}"
EndProject
Project("{FAE04EC0-301F-11D3-BF4B-00C04F79EFBC}") = "SkitListTests", "SkitListTests\SkitListTests.csproj", "{D2AD1870-9F18-427B-A02C-D9804EEE5D48}"
EndProject
Project("{FAE04EC0-301F-11D3-BF4B-00C04F79EFBC}") = "RealizeSkipList", "RealizeSkipList\RealizeSkipList.csproj", "{A7706B15-44A9-4C38-8DE9-EB9F7E7D9D4C}"
EndProject
Global
	GlobalSection(SolutionConfigurationPlatforms) = preSolution
		Debug|Any CPU = Debug|Any CPU
		Release|Any CPU = Release|Any CPU
	EndGlobalSection
	GlobalSection(ProjectConfigurationPlatforms) = postSolution
		{8D698ACA-C9F1-4A22-8353-C67840B2C1CC}.Debug|Any CPU.ActiveCfg = Debug|Any CPU
		{8D698ACA-C9F1-4A22-8353-C67840B2C1CC}.Debug|Any CPU.Build.0 = Debug|Any CPU
		{8D698ACA-C9F1-4A22-8353-C67840B2C1CC}.Release|Any CPU.ActiveCfg = Release|Any CPU
		{8D698ACA-C9F1-4A22-8353-C67840B2C1CC}.Release|Any CPU.Build.0 = Release|Any CPU
		{D2AD1870-9F18-427B-A02C-D9804EEE5D48}.Debug|Any CPU.ActiveCfg = Debug|Any CPU
		{D2AD1870-9F18-427B-A02C-D9804EEE5D48}.Debug|Any CPU.Build.0 = Debug|Any CPU
		{D2AD1870-9F18-427B-A02C-D9804EEE5D48}.Release|Any CPU.ActiveCfg = Release|Any CPU
		{D2AD1870-9F18-427B-A02C-D9804EEE5D48}.Release|Any CPU.Build.0 = Release|Any CPU
		{A7706B15-44A9-4C38-8DE9-EB9F7E7D9D4C}.Debug|Any CPU.ActiveCfg = Debug|Any CPU
		{A7706B15-44A9-4C38-8DE9-EB9F7E7D9D4C}.Debug|Any CPU.Build.0 = Debug|Any CPU
		{A7706B15-44A9-4C38-8DE9-EB9F7E7D9D4C}.Release|Any CPU.ActiveCfg = Release|Any CPU
		{A7706B15-44A9-4C38-8DE9-EB9F7E7D9D4C}.Release|Any CPU.Build.0 = Release|Any CPU
	EndGlobalSection
	GlobalSection(SolutionProperties) = preSolution
		HideSolutionNode = FALSE
	EndGlobalSection
	GlobalSection(ExtensibilityGlobals) = postSolution
		SolutionGuid = {50309549-CB08-4E31-A8F9-0D65B2BFAAD1}
	EndGlobalSection
EndGlobal
